// !$*UTF8*$!
{
	archiveVersion = 1;
	classes = {
	};
	objectVersion = 56;
	objects = {

/* Begin PBXBuildFile section */
		9BD182682B4773510044EDF7 /* AppDelegate.swift in Sources */ = {isa = PBXBuildFile; fileRef = 9BD182672B4773510044EDF7 /* AppDelegate.swift */; };
		9BD1826A2B4773510044EDF7 /* SceneDelegate.swift in Sources */ = {isa = PBXBuildFile; fileRef = 9BD182692B4773510044EDF7 /* SceneDelegate.swift */; };
		9BD182712B4773520044EDF7 /* Assets.xcassets in Resources */ = {isa = PBXBuildFile; fileRef = 9BD182702B4773520044EDF7 /* Assets.xcassets */; };
		9BD182742B4773520044EDF7 /* LaunchScreen.storyboard in Resources */ = {isa = PBXBuildFile; fileRef = 9BD182722B4773520044EDF7 /* LaunchScreen.storyboard */; };
		9BD182992B47773F0044EDF7 /* AppCoordinator.swift in Sources */ = {isa = PBXBuildFile; fileRef = 9BD182982B47773F0044EDF7 /* AppCoordinator.swift */; };
		9BD182A02B4778320044EDF7 /* ListViewController.swift in Sources */ = {isa = PBXBuildFile; fileRef = 9BD1829F2B4778320044EDF7 /* ListViewController.swift */; };
		9BD182A22B4778930044EDF7 /* ListViewModel.swift in Sources */ = {isa = PBXBuildFile; fileRef = 9BD182A12B4778930044EDF7 /* ListViewModel.swift */; };
		9BD182A52B477AE20044EDF7 /* NetworkProvider.swift in Sources */ = {isa = PBXBuildFile; fileRef = 9BD182A42B477AE20044EDF7 /* NetworkProvider.swift */; };
		9BD182A72B477B030044EDF7 /* NetworkErrorModel.swift in Sources */ = {isa = PBXBuildFile; fileRef = 9BD182A62B477B030044EDF7 /* NetworkErrorModel.swift */; };
		9BD182AB2B477B8C0044EDF7 /* CacheProvider.swift in Sources */ = {isa = PBXBuildFile; fileRef = 9BD182AA2B477B8C0044EDF7 /* CacheProvider.swift */; };
		9BD182B02B477C150044EDF7 /* ListItemModel.swift in Sources */ = {isa = PBXBuildFile; fileRef = 9BD182AF2B477C150044EDF7 /* ListItemModel.swift */; };
		9BD182B22B477D080044EDF7 /* ListDataSource.swift in Sources */ = {isa = PBXBuildFile; fileRef = 9BD182B12B477D080044EDF7 /* ListDataSource.swift */; };
		9BD182B62B477E850044EDF7 /* ListRepository.swift in Sources */ = {isa = PBXBuildFile; fileRef = 9BD182B52B477E850044EDF7 /* ListRepository.swift */; };
		9BD182B92B47835F0044EDF7 /* GetItemsUseCase.swift in Sources */ = {isa = PBXBuildFile; fileRef = 9BD182B82B47835F0044EDF7 /* GetItemsUseCase.swift */; };
		9BD182C02B47841C0044EDF7 /* ListDataSourceMock.swift in Sources */ = {isa = PBXBuildFile; fileRef = 9BD182BF2B47841C0044EDF7 /* ListDataSourceMock.swift */; };
		9BD182C22B4784810044EDF7 /* GetItemsUseCaseTests.swift in Sources */ = {isa = PBXBuildFile; fileRef = 9BD182C12B4784810044EDF7 /* GetItemsUseCaseTests.swift */; };
		9BD182C82B481F120044EDF7 /* ListItemUIModel.swift in Sources */ = {isa = PBXBuildFile; fileRef = 9BD182C72B481F120044EDF7 /* ListItemUIModel.swift */; };
		9BD182CA2B481F890044EDF7 /* ListItemTableViewCell.swift in Sources */ = {isa = PBXBuildFile; fileRef = 9BD182C92B481F880044EDF7 /* ListItemTableViewCell.swift */; };
		9BD182CC2B4824270044EDF7 /* ListItemTableViewCellViewModel.swift in Sources */ = {isa = PBXBuildFile; fileRef = 9BD182CB2B4824270044EDF7 /* ListItemTableViewCellViewModel.swift */; };
		9BD182CF2B482CD70044EDF7 /* ListFeature.xcstrings in Resources */ = {isa = PBXBuildFile; fileRef = 9BD182CE2B482CD70044EDF7 /* ListFeature.xcstrings */; };
		9BD182D22B4840BB0044EDF7 /* ResourceGetterDataSource.swift in Sources */ = {isa = PBXBuildFile; fileRef = 9BD182D12B4840BB0044EDF7 /* ResourceGetterDataSource.swift */; };
		9BD182D52B4841CE0044EDF7 /* ResourceGetterRepository.swift in Sources */ = {isa = PBXBuildFile; fileRef = 9BD182D42B4841CE0044EDF7 /* ResourceGetterRepository.swift */; };
		9BD182D82B4845C20044EDF7 /* ImageGetterUseCase.swift in Sources */ = {isa = PBXBuildFile; fileRef = 9BD182D72B4845C20044EDF7 /* ImageGetterUseCase.swift */; };
		9BD182DB2B484A990044EDF7 /* SortSpecialBrandsUseCase.swift in Sources */ = {isa = PBXBuildFile; fileRef = 9BD182DA2B484A990044EDF7 /* SortSpecialBrandsUseCase.swift */; };
		9BD182DD2B48DDF20044EDF7 /* SortSpecialBrandsUseCaseTests.swift in Sources */ = {isa = PBXBuildFile; fileRef = 9BD182DC2B48DDF20044EDF7 /* SortSpecialBrandsUseCaseTests.swift */; };
		9BD182E02B48DFAA0044EDF7 /* ListViewModelTests.swift in Sources */ = {isa = PBXBuildFile; fileRef = 9BD182DF2B48DFAA0044EDF7 /* ListViewModelTests.swift */; };
		9BD182E22B48E84B0044EDF7 /* ListErrorView.swift in Sources */ = {isa = PBXBuildFile; fileRef = 9BD182E12B48E84B0044EDF7 /* ListErrorView.swift */; };
/* End PBXBuildFile section */

/* Begin PBXContainerItemProxy section */
		9BD1827B2B4773520044EDF7 /* PBXContainerItemProxy */ = {
			isa = PBXContainerItemProxy;
			containerPortal = 9BD1825C2B4773510044EDF7 /* Project object */;
			proxyType = 1;
			remoteGlobalIDString = 9BD182632B4773510044EDF7;
			remoteInfo = SephoreTest;
		};
/* End PBXContainerItemProxy section */

/* Begin PBXFileReference section */
		9BD182642B4773510044EDF7 /* SephoreTest.app */ = {isa = PBXFileReference; explicitFileType = wrapper.application; includeInIndex = 0; path = SephoreTest.app; sourceTree = BUILT_PRODUCTS_DIR; };
		9BD182672B4773510044EDF7 /* AppDelegate.swift */ = {isa = PBXFileReference; lastKnownFileType = sourcecode.swift; path = AppDelegate.swift; sourceTree = "<group>"; };
		9BD182692B4773510044EDF7 /* SceneDelegate.swift */ = {isa = PBXFileReference; lastKnownFileType = sourcecode.swift; path = SceneDelegate.swift; sourceTree = "<group>"; };
		9BD182702B4773520044EDF7 /* Assets.xcassets */ = {isa = PBXFileReference; lastKnownFileType = folder.assetcatalog; path = Assets.xcassets; sourceTree = "<group>"; };
		9BD182732B4773520044EDF7 /* Base */ = {isa = PBXFileReference; lastKnownFileType = file.storyboard; name = Base; path = Base.lproj/LaunchScreen.storyboard; sourceTree = "<group>"; };
		9BD182752B4773520044EDF7 /* Info.plist */ = {isa = PBXFileReference; lastKnownFileType = text.plist.xml; path = Info.plist; sourceTree = "<group>"; };
		9BD1827A2B4773520044EDF7 /* SephoreTestTests.xctest */ = {isa = PBXFileReference; explicitFileType = wrapper.cfbundle; includeInIndex = 0; path = SephoreTestTests.xctest; sourceTree = BUILT_PRODUCTS_DIR; };
		9BD182982B47773F0044EDF7 /* AppCoordinator.swift */ = {isa = PBXFileReference; lastKnownFileType = sourcecode.swift; path = AppCoordinator.swift; sourceTree = "<group>"; };
		9BD1829F2B4778320044EDF7 /* ListViewController.swift */ = {isa = PBXFileReference; lastKnownFileType = sourcecode.swift; path = ListViewController.swift; sourceTree = "<group>"; };
		9BD182A12B4778930044EDF7 /* ListViewModel.swift */ = {isa = PBXFileReference; lastKnownFileType = sourcecode.swift; path = ListViewModel.swift; sourceTree = "<group>"; };
		9BD182A42B477AE20044EDF7 /* NetworkProvider.swift */ = {isa = PBXFileReference; lastKnownFileType = sourcecode.swift; path = NetworkProvider.swift; sourceTree = "<group>"; };
		9BD182A62B477B030044EDF7 /* NetworkErrorModel.swift */ = {isa = PBXFileReference; lastKnownFileType = sourcecode.swift; path = NetworkErrorModel.swift; sourceTree = "<group>"; };
		9BD182AA2B477B8C0044EDF7 /* CacheProvider.swift */ = {isa = PBXFileReference; lastKnownFileType = sourcecode.swift; path = CacheProvider.swift; sourceTree = "<group>"; };
		9BD182AF2B477C150044EDF7 /* ListItemModel.swift */ = {isa = PBXFileReference; lastKnownFileType = sourcecode.swift; path = ListItemModel.swift; sourceTree = "<group>"; };
		9BD182B12B477D080044EDF7 /* ListDataSource.swift */ = {isa = PBXFileReference; lastKnownFileType = sourcecode.swift; path = ListDataSource.swift; sourceTree = "<group>"; };
		9BD182B52B477E850044EDF7 /* ListRepository.swift */ = {isa = PBXFileReference; lastKnownFileType = sourcecode.swift; path = ListRepository.swift; sourceTree = "<group>"; };
		9BD182B82B47835F0044EDF7 /* GetItemsUseCase.swift */ = {isa = PBXFileReference; lastKnownFileType = sourcecode.swift; path = GetItemsUseCase.swift; sourceTree = "<group>"; };
		9BD182BF2B47841C0044EDF7 /* ListDataSourceMock.swift */ = {isa = PBXFileReference; lastKnownFileType = sourcecode.swift; path = ListDataSourceMock.swift; sourceTree = "<group>"; };
		9BD182C12B4784810044EDF7 /* GetItemsUseCaseTests.swift */ = {isa = PBXFileReference; lastKnownFileType = sourcecode.swift; path = GetItemsUseCaseTests.swift; sourceTree = "<group>"; };
		9BD182C72B481F120044EDF7 /* ListItemUIModel.swift */ = {isa = PBXFileReference; lastKnownFileType = sourcecode.swift; path = ListItemUIModel.swift; sourceTree = "<group>"; };
		9BD182C92B481F880044EDF7 /* ListItemTableViewCell.swift */ = {isa = PBXFileReference; lastKnownFileType = sourcecode.swift; path = ListItemTableViewCell.swift; sourceTree = "<group>"; };
		9BD182CB2B4824270044EDF7 /* ListItemTableViewCellViewModel.swift */ = {isa = PBXFileReference; lastKnownFileType = sourcecode.swift; path = ListItemTableViewCellViewModel.swift; sourceTree = "<group>"; };
		9BD182CE2B482CD70044EDF7 /* ListFeature.xcstrings */ = {isa = PBXFileReference; lastKnownFileType = text.json.xcstrings; path = ListFeature.xcstrings; sourceTree = "<group>"; };
		9BD182D12B4840BB0044EDF7 /* ResourceGetterDataSource.swift */ = {isa = PBXFileReference; lastKnownFileType = sourcecode.swift; path = ResourceGetterDataSource.swift; sourceTree = "<group>"; };
		9BD182D42B4841CE0044EDF7 /* ResourceGetterRepository.swift */ = {isa = PBXFileReference; lastKnownFileType = sourcecode.swift; path = ResourceGetterRepository.swift; sourceTree = "<group>"; };
		9BD182D72B4845C20044EDF7 /* ImageGetterUseCase.swift */ = {isa = PBXFileReference; lastKnownFileType = sourcecode.swift; path = ImageGetterUseCase.swift; sourceTree = "<group>"; };
		9BD182DA2B484A990044EDF7 /* SortSpecialBrandsUseCase.swift */ = {isa = PBXFileReference; lastKnownFileType = sourcecode.swift; path = SortSpecialBrandsUseCase.swift; sourceTree = "<group>"; };
		9BD182DC2B48DDF20044EDF7 /* SortSpecialBrandsUseCaseTests.swift */ = {isa = PBXFileReference; lastKnownFileType = sourcecode.swift; path = SortSpecialBrandsUseCaseTests.swift; sourceTree = "<group>"; };
		9BD182DF2B48DFAA0044EDF7 /* ListViewModelTests.swift */ = {isa = PBXFileReference; lastKnownFileType = sourcecode.swift; path = ListViewModelTests.swift; sourceTree = "<group>"; };
		9BD182E12B48E84B0044EDF7 /* ListErrorView.swift */ = {isa = PBXFileReference; lastKnownFileType = sourcecode.swift; path = ListErrorView.swift; sourceTree = "<group>"; };
/* End PBXFileReference section */

/* Begin PBXFrameworksBuildPhase section */
		9BD182612B4773510044EDF7 /* Frameworks */ = {
			isa = PBXFrameworksBuildPhase;
			buildActionMask = 2147483647;
			files = (
			);
			runOnlyForDeploymentPostprocessing = 0;
		};
		9BD182772B4773520044EDF7 /* Frameworks */ = {
			isa = PBXFrameworksBuildPhase;
			buildActionMask = 2147483647;
			files = (
			);
			runOnlyForDeploymentPostprocessing = 0;
		};
/* End PBXFrameworksBuildPhase section */

/* Begin PBXGroup section */
		9BD1825B2B4773510044EDF7 = {
			isa = PBXGroup;
			children = (
				9BD182662B4773510044EDF7 /* SephoreTest */,
				9BD1827D2B4773520044EDF7 /* SephoreTestTests */,
				9BD182652B4773510044EDF7 /* Products */,
			);
			sourceTree = "<group>";
		};
		9BD182652B4773510044EDF7 /* Products */ = {
			isa = PBXGroup;
			children = (
				9BD182642B4773510044EDF7 /* SephoreTest.app */,
				9BD1827A2B4773520044EDF7 /* SephoreTestTests.xctest */,
			);
			name = Products;
			sourceTree = "<group>";
		};
		9BD182662B4773510044EDF7 /* SephoreTest */ = {
			isa = PBXGroup;
			children = (
				9BD182D92B4848BD0044EDF7 /* Assets */,
				9BD182A32B477AD10044EDF7 /* Providers */,
				9BD1829D2B4778050044EDF7 /* Features */,
				9BD1829C2B4777AF0044EDF7 /* AppDelegate */,
				9BD182972B4777310044EDF7 /* AppCoordinator */,
				9BD182752B4773520044EDF7 /* Info.plist */,
			);
			path = SephoreTest;
			sourceTree = "<group>";
		};
		9BD1827D2B4773520044EDF7 /* SephoreTestTests */ = {
			isa = PBXGroup;
			children = (
				9BD182BA2B4783EC0044EDF7 /* ListFeature */,
			);
			path = SephoreTestTests;
			sourceTree = "<group>";
		};
		9BD182972B4777310044EDF7 /* AppCoordinator */ = {
			isa = PBXGroup;
			children = (
				9BD182982B47773F0044EDF7 /* AppCoordinator.swift */,
			);
			path = AppCoordinator;
			sourceTree = "<group>";
		};
		9BD1829C2B4777AF0044EDF7 /* AppDelegate */ = {
			isa = PBXGroup;
			children = (
				9BD182672B4773510044EDF7 /* AppDelegate.swift */,
				9BD182692B4773510044EDF7 /* SceneDelegate.swift */,
			);
			path = AppDelegate;
			sourceTree = "<group>";
		};
		9BD1829D2B4778050044EDF7 /* Features */ = {
			isa = PBXGroup;
			children = (
				9BD182D02B4840910044EDF7 /* ResourceGetter */,
				9BD1829E2B4778210044EDF7 /* ListFeature */,
			);
			path = Features;
			sourceTree = "<group>";
		};
		9BD1829E2B4778210044EDF7 /* ListFeature */ = {
			isa = PBXGroup;
			children = (
				9BD182AD2B477BD30044EDF7 /* Data */,
				9BD182B72B47833C0044EDF7 /* Domain */,
				9BD182AC2B477BCA0044EDF7 /* Presentation */,
				9BD182CE2B482CD70044EDF7 /* ListFeature.xcstrings */,
			);
			path = ListFeature;
			sourceTree = "<group>";
		};
		9BD182A32B477AD10044EDF7 /* Providers */ = {
			isa = PBXGroup;
			children = (
				9BD182A92B477B7F0044EDF7 /* Cache */,
				9BD182A82B477B720044EDF7 /* Network */,
			);
			path = Providers;
			sourceTree = "<group>";
		};
		9BD182A82B477B720044EDF7 /* Network */ = {
			isa = PBXGroup;
			children = (
				9BD182A42B477AE20044EDF7 /* NetworkProvider.swift */,
				9BD182A62B477B030044EDF7 /* NetworkErrorModel.swift */,
			);
			path = Network;
			sourceTree = "<group>";
		};
		9BD182A92B477B7F0044EDF7 /* Cache */ = {
			isa = PBXGroup;
			children = (
				9BD182AA2B477B8C0044EDF7 /* CacheProvider.swift */,
			);
			path = Cache;
			sourceTree = "<group>";
		};
		9BD182AC2B477BCA0044EDF7 /* Presentation */ = {
			isa = PBXGroup;
			children = (
				9BD182C62B481EFE0044EDF7 /* Models */,
				9BD182C52B481E870044EDF7 /* Views */,
				9BD1829F2B4778320044EDF7 /* ListViewController.swift */,
				9BD182A12B4778930044EDF7 /* ListViewModel.swift */,
			);
			path = Presentation;
			sourceTree = "<group>";
		};
		9BD182AD2B477BD30044EDF7 /* Data */ = {
			isa = PBXGroup;
			children = (
				9BD182AE2B477BD80044EDF7 /* Models */,
				9BD182B12B477D080044EDF7 /* ListDataSource.swift */,
				9BD182B52B477E850044EDF7 /* ListRepository.swift */,
			);
			path = Data;
			sourceTree = "<group>";
		};
		9BD182AE2B477BD80044EDF7 /* Models */ = {
			isa = PBXGroup;
			children = (
				9BD182AF2B477C150044EDF7 /* ListItemModel.swift */,
			);
			path = Models;
			sourceTree = "<group>";
		};
		9BD182B72B47833C0044EDF7 /* Domain */ = {
			isa = PBXGroup;
			children = (
				9BD182B82B47835F0044EDF7 /* GetItemsUseCase.swift */,
				9BD182DA2B484A990044EDF7 /* SortSpecialBrandsUseCase.swift */,
			);
			path = Domain;
			sourceTree = "<group>";
		};
		9BD182BA2B4783EC0044EDF7 /* ListFeature */ = {
			isa = PBXGroup;
			children = (
				9BD182BB2B4783F70044EDF7 /* Data */,
				9BD182BC2B4783FC0044EDF7 /* Domain */,
				9BD182DE2B48DF900044EDF7 /* Presentation */,
			);
			path = ListFeature;
			sourceTree = "<group>";
		};
		9BD182BB2B4783F70044EDF7 /* Data */ = {
			isa = PBXGroup;
			children = (
				9BD182BD2B4784040044EDF7 /* Mocks */,
			);
			path = Data;
			sourceTree = "<group>";
		};
		9BD182BC2B4783FC0044EDF7 /* Domain */ = {
			isa = PBXGroup;
			children = (
				9BD182C12B4784810044EDF7 /* GetItemsUseCaseTests.swift */,
				9BD182DC2B48DDF20044EDF7 /* SortSpecialBrandsUseCaseTests.swift */,
			);
			path = Domain;
			sourceTree = "<group>";
		};
		9BD182BD2B4784040044EDF7 /* Mocks */ = {
			isa = PBXGroup;
			children = (
				9BD182BF2B47841C0044EDF7 /* ListDataSourceMock.swift */,
			);
			path = Mocks;
			sourceTree = "<group>";
		};
		9BD182C52B481E870044EDF7 /* Views */ = {
			isa = PBXGroup;
			children = (
				9BD182C92B481F880044EDF7 /* ListItemTableViewCell.swift */,
				9BD182CB2B4824270044EDF7 /* ListItemTableViewCellViewModel.swift */,
				9BD182E12B48E84B0044EDF7 /* ListErrorView.swift */,
			);
			path = Views;
			sourceTree = "<group>";
		};
		9BD182C62B481EFE0044EDF7 /* Models */ = {
			isa = PBXGroup;
			children = (
				9BD182C72B481F120044EDF7 /* ListItemUIModel.swift */,
			);
			path = Models;
			sourceTree = "<group>";
		};
		9BD182D02B4840910044EDF7 /* ResourceGetter */ = {
			isa = PBXGroup;
			children = (
				9BD182D62B4845AB0044EDF7 /* Domain */,
				9BD182D32B4841BB0044EDF7 /* Data */,
			);
			path = ResourceGetter;
			sourceTree = "<group>";
		};
		9BD182D32B4841BB0044EDF7 /* Data */ = {
			isa = PBXGroup;
			children = (
				9BD182D12B4840BB0044EDF7 /* ResourceGetterDataSource.swift */,
				9BD182D42B4841CE0044EDF7 /* ResourceGetterRepository.swift */,
			);
			path = Data;
			sourceTree = "<group>";
		};
		9BD182D62B4845AB0044EDF7 /* Domain */ = {
			isa = PBXGroup;
			children = (
				9BD182D72B4845C20044EDF7 /* ImageGetterUseCase.swift */,
			);
			path = Domain;
			sourceTree = "<group>";
		};
		9BD182D92B4848BD0044EDF7 /* Assets */ = {
			isa = PBXGroup;
			children = (
				9BD182702B4773520044EDF7 /* Assets.xcassets */,
				9BD182722B4773520044EDF7 /* LaunchScreen.storyboard */,
			);
			path = Assets;
			sourceTree = "<group>";
		};
		9BD182DE2B48DF900044EDF7 /* Presentation */ = {
			isa = PBXGroup;
			children = (
				9BD182DF2B48DFAA0044EDF7 /* ListViewModelTests.swift */,
			);
			path = Presentation;
			sourceTree = "<group>";
		};
/* End PBXGroup section */

/* Begin PBXNativeTarget section */
		9BD182632B4773510044EDF7 /* SephoreTest */ = {
			isa = PBXNativeTarget;
			buildConfigurationList = 9BD1828E2B4773520044EDF7 /* Build configuration list for PBXNativeTarget "SephoreTest" */;
			buildPhases = (
				9BD182602B4773510044EDF7 /* Sources */,
				9BD182612B4773510044EDF7 /* Frameworks */,
				9BD182622B4773510044EDF7 /* Resources */,
			);
			buildRules = (
			);
			dependencies = (
			);
			name = SephoreTest;
			productName = SephoreTest;
			productReference = 9BD182642B4773510044EDF7 /* SephoreTest.app */;
			productType = "com.apple.product-type.application";
		};
		9BD182792B4773520044EDF7 /* SephoreTestTests */ = {
			isa = PBXNativeTarget;
			buildConfigurationList = 9BD182912B4773520044EDF7 /* Build configuration list for PBXNativeTarget "SephoreTestTests" */;
			buildPhases = (
				9BD182762B4773520044EDF7 /* Sources */,
				9BD182772B4773520044EDF7 /* Frameworks */,
				9BD182782B4773520044EDF7 /* Resources */,
			);
			buildRules = (
			);
			dependencies = (
				9BD1827C2B4773520044EDF7 /* PBXTargetDependency */,
			);
			name = SephoreTestTests;
			productName = SephoreTestTests;
			productReference = 9BD1827A2B4773520044EDF7 /* SephoreTestTests.xctest */;
			productType = "com.apple.product-type.bundle.unit-test";
		};
/* End PBXNativeTarget section */

/* Begin PBXProject section */
		9BD1825C2B4773510044EDF7 /* Project object */ = {
			isa = PBXProject;
			attributes = {
				BuildIndependentTargetsInParallel = 1;
				LastSwiftUpdateCheck = 1500;
				LastUpgradeCheck = 1500;
				TargetAttributes = {
					9BD182632B4773510044EDF7 = {
						CreatedOnToolsVersion = 15.0.1;
					};
					9BD182792B4773520044EDF7 = {
						CreatedOnToolsVersion = 15.0.1;
						TestTargetID = 9BD182632B4773510044EDF7;
					};
				};
			};
			buildConfigurationList = 9BD1825F2B4773510044EDF7 /* Build configuration list for PBXProject "SephoreTest" */;
			compatibilityVersion = "Xcode 14.0";
			developmentRegion = en;
			hasScannedForEncodings = 0;
			knownRegions = (
				en,
				Base,
			);
			mainGroup = 9BD1825B2B4773510044EDF7;
			productRefGroup = 9BD182652B4773510044EDF7 /* Products */;
			projectDirPath = "";
			projectRoot = "";
			targets = (
				9BD182632B4773510044EDF7 /* SephoreTest */,
				9BD182792B4773520044EDF7 /* SephoreTestTests */,
			);
		};
/* End PBXProject section */

/* Begin PBXResourcesBuildPhase section */
		9BD182622B4773510044EDF7 /* Resources */ = {
			isa = PBXResourcesBuildPhase;
			buildActionMask = 2147483647;
			files = (
				9BD182CF2B482CD70044EDF7 /* ListFeature.xcstrings in Resources */,
				9BD182742B4773520044EDF7 /* LaunchScreen.storyboard in Resources */,
				9BD182712B4773520044EDF7 /* Assets.xcassets in Resources */,
			);
			runOnlyForDeploymentPostprocessing = 0;
		};
		9BD182782B4773520044EDF7 /* Resources */ = {
			isa = PBXResourcesBuildPhase;
			buildActionMask = 2147483647;
			files = (
			);
			runOnlyForDeploymentPostprocessing = 0;
		};
/* End PBXResourcesBuildPhase section */

/* Begin PBXSourcesBuildPhase section */
		9BD182602B4773510044EDF7 /* Sources */ = {
			isa = PBXSourcesBuildPhase;
			buildActionMask = 2147483647;
			files = (
				9BD182A52B477AE20044EDF7 /* NetworkProvider.swift in Sources */,
				9BD182992B47773F0044EDF7 /* AppCoordinator.swift in Sources */,
				9BD182D82B4845C20044EDF7 /* ImageGetterUseCase.swift in Sources */,
				9BD182D52B4841CE0044EDF7 /* ResourceGetterRepository.swift in Sources */,
				9BD182CA2B481F890044EDF7 /* ListItemTableViewCell.swift in Sources */,
				9BD182B22B477D080044EDF7 /* ListDataSource.swift in Sources */,
				9BD182A22B4778930044EDF7 /* ListViewModel.swift in Sources */,
				9BD182E22B48E84B0044EDF7 /* ListErrorView.swift in Sources */,
				9BD182C82B481F120044EDF7 /* ListItemUIModel.swift in Sources */,
				9BD182682B4773510044EDF7 /* AppDelegate.swift in Sources */,
				9BD182D22B4840BB0044EDF7 /* ResourceGetterDataSource.swift in Sources */,
				9BD182DB2B484A990044EDF7 /* SortSpecialBrandsUseCase.swift in Sources */,
				9BD182A02B4778320044EDF7 /* ListViewController.swift in Sources */,
				9BD182B92B47835F0044EDF7 /* GetItemsUseCase.swift in Sources */,
				9BD182B02B477C150044EDF7 /* ListItemModel.swift in Sources */,
				9BD182CC2B4824270044EDF7 /* ListItemTableViewCellViewModel.swift in Sources */,
				9BD1826A2B4773510044EDF7 /* SceneDelegate.swift in Sources */,
				9BD182AB2B477B8C0044EDF7 /* CacheProvider.swift in Sources */,
				9BD182A72B477B030044EDF7 /* NetworkErrorModel.swift in Sources */,
				9BD182B62B477E850044EDF7 /* ListRepository.swift in Sources */,
			);
			runOnlyForDeploymentPostprocessing = 0;
		};
		9BD182762B4773520044EDF7 /* Sources */ = {
			isa = PBXSourcesBuildPhase;
			buildActionMask = 2147483647;
			files = (
				9BD182C22B4784810044EDF7 /* GetItemsUseCaseTests.swift in Sources */,
				9BD182DD2B48DDF20044EDF7 /* SortSpecialBrandsUseCaseTests.swift in Sources */,
				9BD182C02B47841C0044EDF7 /* ListDataSourceMock.swift in Sources */,
				9BD182E02B48DFAA0044EDF7 /* ListViewModelTests.swift in Sources */,
			);
			runOnlyForDeploymentPostprocessing = 0;
		};
/* End PBXSourcesBuildPhase section */

/* Begin PBXTargetDependency section */
		9BD1827C2B4773520044EDF7 /* PBXTargetDependency */ = {
			isa = PBXTargetDependency;
			target = 9BD182632B4773510044EDF7 /* SephoreTest */;
			targetProxy = 9BD1827B2B4773520044EDF7 /* PBXContainerItemProxy */;
		};
/* End PBXTargetDependency section */

/* Begin PBXVariantGroup section */
		9BD182722B4773520044EDF7 /* LaunchScreen.storyboard */ = {
			isa = PBXVariantGroup;
			children = (
				9BD182732B4773520044EDF7 /* Base */,
			);
			name = LaunchScreen.storyboard;
			sourceTree = "<group>";
		};
/* End PBXVariantGroup section */

/* Begin XCBuildConfiguration section */
		9BD1828C2B4773520044EDF7 /* Debug */ = {
			isa = XCBuildConfiguration;
			buildSettings = {
				ALWAYS_SEARCH_USER_PATHS = NO;
				ASSETCATALOG_COMPILER_GENERATE_SWIFT_ASSET_SYMBOL_EXTENSIONS = YES;
				CLANG_ANALYZER_NONNULL = YES;
				CLANG_ANALYZER_NUMBER_OBJECT_CONVERSION = YES_AGGRESSIVE;
				CLANG_CXX_LANGUAGE_STANDARD = "gnu++20";
				CLANG_ENABLE_MODULES = YES;
				CLANG_ENABLE_OBJC_ARC = YES;
				CLANG_ENABLE_OBJC_WEAK = YES;
				CLANG_WARN_BLOCK_CAPTURE_AUTORELEASING = YES;
				CLANG_WARN_BOOL_CONVERSION = YES;
				CLANG_WARN_COMMA = YES;
				CLANG_WARN_CONSTANT_CONVERSION = YES;
				CLANG_WARN_DEPRECATED_OBJC_IMPLEMENTATIONS = YES;
				CLANG_WARN_DIRECT_OBJC_ISA_USAGE = YES_ERROR;
				CLANG_WARN_DOCUMENTATION_COMMENTS = YES;
				CLANG_WARN_EMPTY_BODY = YES;
				CLANG_WARN_ENUM_CONVERSION = YES;
				CLANG_WARN_INFINITE_RECURSION = YES;
				CLANG_WARN_INT_CONVERSION = YES;
				CLANG_WARN_NON_LITERAL_NULL_CONVERSION = YES;
				CLANG_WARN_OBJC_IMPLICIT_RETAIN_SELF = YES;
				CLANG_WARN_OBJC_LITERAL_CONVERSION = YES;
				CLANG_WARN_OBJC_ROOT_CLASS = YES_ERROR;
				CLANG_WARN_QUOTED_INCLUDE_IN_FRAMEWORK_HEADER = YES;
				CLANG_WARN_RANGE_LOOP_ANALYSIS = YES;
				CLANG_WARN_STRICT_PROTOTYPES = YES;
				CLANG_WARN_SUSPICIOUS_MOVE = YES;
				CLANG_WARN_UNGUARDED_AVAILABILITY = YES_AGGRESSIVE;
				CLANG_WARN_UNREACHABLE_CODE = YES;
				CLANG_WARN__DUPLICATE_METHOD_MATCH = YES;
				COPY_PHASE_STRIP = NO;
				DEBUG_INFORMATION_FORMAT = dwarf;
				ENABLE_STRICT_OBJC_MSGSEND = YES;
				ENABLE_TESTABILITY = YES;
				ENABLE_USER_SCRIPT_SANDBOXING = YES;
				GCC_C_LANGUAGE_STANDARD = gnu17;
				GCC_DYNAMIC_NO_PIC = NO;
				GCC_NO_COMMON_BLOCKS = YES;
				GCC_OPTIMIZATION_LEVEL = 0;
				GCC_PREPROCESSOR_DEFINITIONS = (
					"DEBUG=1",
					"$(inherited)",
				);
				GCC_WARN_64_TO_32_BIT_CONVERSION = YES;
				GCC_WARN_ABOUT_RETURN_TYPE = YES_ERROR;
				GCC_WARN_UNDECLARED_SELECTOR = YES;
				GCC_WARN_UNINITIALIZED_AUTOS = YES_AGGRESSIVE;
				GCC_WARN_UNUSED_FUNCTION = YES;
				GCC_WARN_UNUSED_VARIABLE = YES;
				IPHONEOS_DEPLOYMENT_TARGET = 17.0;
				LOCALIZATION_PREFERS_STRING_CATALOGS = YES;
				MTL_ENABLE_DEBUG_INFO = INCLUDE_SOURCE;
				MTL_FAST_MATH = YES;
				ONLY_ACTIVE_ARCH = YES;
				SDKROOT = iphoneos;
				SWIFT_ACTIVE_COMPILATION_CONDITIONS = "DEBUG $(inherited)";
				SWIFT_OPTIMIZATION_LEVEL = "-Onone";
			};
			name = Debug;
		};
		9BD1828D2B4773520044EDF7 /* Release */ = {
			isa = XCBuildConfiguration;
			buildSettings = {
				ALWAYS_SEARCH_USER_PATHS = NO;
				ASSETCATALOG_COMPILER_GENERATE_SWIFT_ASSET_SYMBOL_EXTENSIONS = YES;
				CLANG_ANALYZER_NONNULL = YES;
				CLANG_ANALYZER_NUMBER_OBJECT_CONVERSION = YES_AGGRESSIVE;
				CLANG_CXX_LANGUAGE_STANDARD = "gnu++20";
				CLANG_ENABLE_MODULES = YES;
				CLANG_ENABLE_OBJC_ARC = YES;
				CLANG_ENABLE_OBJC_WEAK = YES;
				CLANG_WARN_BLOCK_CAPTURE_AUTORELEASING = YES;
				CLANG_WARN_BOOL_CONVERSION = YES;
				CLANG_WARN_COMMA = YES;
				CLANG_WARN_CONSTANT_CONVERSION = YES;
				CLANG_WARN_DEPRECATED_OBJC_IMPLEMENTATIONS = YES;
				CLANG_WARN_DIRECT_OBJC_ISA_USAGE = YES_ERROR;
				CLANG_WARN_DOCUMENTATION_COMMENTS = YES;
				CLANG_WARN_EMPTY_BODY = YES;
				CLANG_WARN_ENUM_CONVERSION = YES;
				CLANG_WARN_INFINITE_RECURSION = YES;
				CLANG_WARN_INT_CONVERSION = YES;
				CLANG_WARN_NON_LITERAL_NULL_CONVERSION = YES;
				CLANG_WARN_OBJC_IMPLICIT_RETAIN_SELF = YES;
				CLANG_WARN_OBJC_LITERAL_CONVERSION = YES;
				CLANG_WARN_OBJC_ROOT_CLASS = YES_ERROR;
				CLANG_WARN_QUOTED_INCLUDE_IN_FRAMEWORK_HEADER = YES;
				CLANG_WARN_RANGE_LOOP_ANALYSIS = YES;
				CLANG_WARN_STRICT_PROTOTYPES = YES;
				CLANG_WARN_SUSPICIOUS_MOVE = YES;
				CLANG_WARN_UNGUARDED_AVAILABILITY = YES_AGGRESSIVE;
				CLANG_WARN_UNREACHABLE_CODE = YES;
				CLANG_WARN__DUPLICATE_METHOD_MATCH = YES;
				COPY_PHASE_STRIP = NO;
				DEBUG_INFORMATION_FORMAT = "dwarf-with-dsym";
				ENABLE_NS_ASSERTIONS = NO;
				ENABLE_STRICT_OBJC_MSGSEND = YES;
				ENABLE_USER_SCRIPT_SANDBOXING = YES;
				GCC_C_LANGUAGE_STANDARD = gnu17;
				GCC_NO_COMMON_BLOCKS = YES;
				GCC_WARN_64_TO_32_BIT_CONVERSION = YES;
				GCC_WARN_ABOUT_RETURN_TYPE = YES_ERROR;
				GCC_WARN_UNDECLARED_SELECTOR = YES;
				GCC_WARN_UNINITIALIZED_AUTOS = YES_AGGRESSIVE;
				GCC_WARN_UNUSED_FUNCTION = YES;
				GCC_WARN_UNUSED_VARIABLE = YES;
				IPHONEOS_DEPLOYMENT_TARGET = 17.0;
				LOCALIZATION_PREFERS_STRING_CATALOGS = YES;
				MTL_ENABLE_DEBUG_INFO = NO;
				MTL_FAST_MATH = YES;
				SDKROOT = iphoneos;
				SWIFT_COMPILATION_MODE = wholemodule;
				VALIDATE_PRODUCT = YES;
			};
			name = Release;
		};
		9BD1828F2B4773520044EDF7 /* Debug */ = {
			isa = XCBuildConfiguration;
			buildSettings = {
				ASSETCATALOG_COMPILER_APPICON_NAME = AppIcon;
				ASSETCATALOG_COMPILER_GLOBAL_ACCENT_COLOR_NAME = AccentColor;
				CODE_SIGN_STYLE = Automatic;
				CURRENT_PROJECT_VERSION = 1;
				DEVELOPMENT_TEAM = 99BX55LUM5;
				GENERATE_INFOPLIST_FILE = YES;
				INFOPLIST_FILE = SephoreTest/Info.plist;
				INFOPLIST_KEY_UIApplicationSupportsIndirectInputEvents = YES;
				INFOPLIST_KEY_UILaunchStoryboardName = LaunchScreen;
				INFOPLIST_KEY_UISupportedInterfaceOrientations_iPad = "UIInterfaceOrientationPortrait UIInterfaceOrientationPortraitUpsideDown UIInterfaceOrientationLandscapeLeft UIInterfaceOrientationLandscapeRight";
				INFOPLIST_KEY_UISupportedInterfaceOrientations_iPhone = "UIInterfaceOrientationPortrait UIInterfaceOrientationLandscapeLeft UIInterfaceOrientationLandscapeRight";
				LD_RUNPATH_SEARCH_PATHS = (
					"$(inherited)",
					"@executable_path/Frameworks",
				);
				MARKETING_VERSION = 1.0;
				PRODUCT_BUNDLE_IDENTIFIER = com.jerominlebon.SephoreTest;
				PRODUCT_NAME = "$(TARGET_NAME)";
				SWIFT_EMIT_LOC_STRINGS = YES;
				SWIFT_VERSION = 5.0;
				TARGETED_DEVICE_FAMILY = "1,2";
			};
			name = Debug;
		};
		9BD182902B4773520044EDF7 /* Release */ = {
			isa = XCBuildConfiguration;
			buildSettings = {
				ASSETCATALOG_COMPILER_APPICON_NAME = AppIcon;
				ASSETCATALOG_COMPILER_GLOBAL_ACCENT_COLOR_NAME = AccentColor;
				CODE_SIGN_STYLE = Automatic;
				CURRENT_PROJECT_VERSION = 1;
				DEVELOPMENT_TEAM = 99BX55LUM5;
				GENERATE_INFOPLIST_FILE = YES;
				INFOPLIST_FILE = SephoreTest/Info.plist;
				INFOPLIST_KEY_UIApplicationSupportsIndirectInputEvents = YES;
				INFOPLIST_KEY_UILaunchStoryboardName = LaunchScreen;
				INFOPLIST_KEY_UISupportedInterfaceOrientations_iPad = "UIInterfaceOrientationPortrait UIInterfaceOrientationPortraitUpsideDown UIInterfaceOrientationLandscapeLeft UIInterfaceOrientationLandscapeRight";
				INFOPLIST_KEY_UISupportedInterfaceOrientations_iPhone = "UIInterfaceOrientationPortrait UIInterfaceOrientationLandscapeLeft UIInterfaceOrientationLandscapeRight";
				LD_RUNPATH_SEARCH_PATHS = (
					"$(inherited)",
					"@executable_path/Frameworks",
				);
				MARKETING_VERSION = 1.0;
				PRODUCT_BUNDLE_IDENTIFIER = com.jerominlebon.SephoreTest;
				PRODUCT_NAME = "$(TARGET_NAME)";
				SWIFT_EMIT_LOC_STRINGS = YES;
				SWIFT_VERSION = 5.0;
				TARGETED_DEVICE_FAMILY = "1,2";
			};
			name = Release;
		};
		9BD182922B4773520044EDF7 /* Debug */ = {
			isa = XCBuildConfiguration;
			buildSettings = {
				ALWAYS_EMBED_SWIFT_STANDARD_LIBRARIES = YES;
				BUNDLE_LOADER = "$(TEST_HOST)";
				CODE_SIGN_STYLE = Automatic;
				CURRENT_PROJECT_VERSION = 1;
				DEVELOPMENT_TEAM = 99BX55LUM5;
				GENERATE_INFOPLIST_FILE = YES;
				IPHONEOS_DEPLOYMENT_TARGET = 17.0;
				MARKETING_VERSION = 1.0;
				PRODUCT_BUNDLE_IDENTIFIER = com.jerominlebon.SephoreTestTests;
				PRODUCT_NAME = "$(TARGET_NAME)";
				SWIFT_EMIT_LOC_STRINGS = NO;
				SWIFT_VERSION = 5.0;
				TARGETED_DEVICE_FAMILY = "1,2";
				TEST_HOST = "$(BUILT_PRODUCTS_DIR)/SephoreTest.app/$(BUNDLE_EXECUTABLE_FOLDER_PATH)/SephoreTest";
			};
			name = Debug;
		};
		9BD182932B4773520044EDF7 /* Release */ = {
			isa = XCBuildConfiguration;
			buildSettings = {
				ALWAYS_EMBED_SWIFT_STANDARD_LIBRARIES = YES;
				BUNDLE_LOADER = "$(TEST_HOST)";
				CODE_SIGN_STYLE = Automatic;
				CURRENT_PROJECT_VERSION = 1;
				DEVELOPMENT_TEAM = 99BX55LUM5;
				GENERATE_INFOPLIST_FILE = YES;
				IPHONEOS_DEPLOYMENT_TARGET = 17.0;
				MARKETING_VERSION = 1.0;
				PRODUCT_BUNDLE_IDENTIFIER = com.jerominlebon.SephoreTestTests;
				PRODUCT_NAME = "$(TARGET_NAME)";
				SWIFT_EMIT_LOC_STRINGS = NO;
				SWIFT_VERSION = 5.0;
				TARGETED_DEVICE_FAMILY = "1,2";
				TEST_HOST = "$(BUILT_PRODUCTS_DIR)/SephoreTest.app/$(BUNDLE_EXECUTABLE_FOLDER_PATH)/SephoreTest";
			};
			name = Release;
		};
/* End XCBuildConfiguration section */

/* Begin XCConfigurationList section */
		9BD1825F2B4773510044EDF7 /* Build configuration list for PBXProject "SephoreTest" */ = {
			isa = XCConfigurationList;
			buildConfigurations = (
				9BD1828C2B4773520044EDF7 /* Debug */,
				9BD1828D2B4773520044EDF7 /* Release */,
			);
			defaultConfigurationIsVisible = 0;
			defaultConfigurationName = Release;
		};
		9BD1828E2B4773520044EDF7 /* Build configuration list for PBXNativeTarget "SephoreTest" */ = {
			isa = XCConfigurationList;
			buildConfigurations = (
				9BD1828F2B4773520044EDF7 /* Debug */,
				9BD182902B4773520044EDF7 /* Release */,
			);
			defaultConfigurationIsVisible = 0;
			defaultConfigurationName = Release;
		};
		9BD182912B4773520044EDF7 /* Build configuration list for PBXNativeTarget "SephoreTestTests" */ = {
			isa = XCConfigurationList;
			buildConfigurations = (
				9BD182922B4773520044EDF7 /* Debug */,
				9BD182932B4773520044EDF7 /* Release */,
			);
			defaultConfigurationIsVisible = 0;
			defaultConfigurationName = Release;
		};
/* End XCConfigurationList section */
	};
	rootObject = 9BD1825C2B4773510044EDF7 /* Project object */;
}
